
Microsoft Visual Studio Solution File, Format Version 12.00
# Visual Studio Version 17
VisualStudioVersion = 17.3.32804.467
MinimumVisualStudioVersion = 10.0.40219.1
Project("{FAE04EC0-301F-11D3-BF4B-00C04F79EFBC}") = "BlazorMongoApp", "BlazorMongoApp\BlazorMongoApp.csproj", "{715F32A9-D52A-45E8-8CA2-92C4F1FE0BFF}"
EndProject
Global
	GlobalSection(SolutionConfigurationPlatforms) = preSolution
		Debug|Any CPU = Debug|Any CPU
		Release|Any CPU = Release|Any CPU
	EndGlobalSection
	GlobalSection(ProjectConfigurationPlatforms) = postSolution
		{715F32A9-D52A-45E8-8CA2-92C4F1FE0BFF}.Debug|Any CPU.ActiveCfg = Debug|Any CPU
		{715F32A9-D52A-45E8-8CA2-92C4F1FE0BFF}.Debug|Any CPU.Build.0 = Debug|Any CPU
		{715F32A9-D52A-45E8-8CA2-92C4F1FE0BFF}.Release|Any CPU.ActiveCfg = Release|Any CPU
		{715F32A9-D52A-45E8-8CA2-92C4F1FE0BFF}.Release|Any CPU.Build.0 = Release|Any CPU
	EndGlobalSection
	GlobalSection(SolutionProperties) = preSolution
		HideSolutionNode = FALSE
	EndGlobalSection
	GlobalSection(ExtensibilityGlobals) = postSolution
		SolutionGuid = {EC39C438-9CF9-4488-AB79-D7C48B340E87}
	EndGlobalSection
EndGlobal
